{
  "name": "digilist-backoffice-dashboard",
  "lockfileVersion": 3,
  "requires": true,
  "packages": {
    "": {
      "dependencies": {
        "@digdir/designsystemet-react": "^1.9.0"
      }
    },
    "node_modules/@digdir/designsystemet-react": {
      "version": "1.9.0",
      "resolved": "https://registry.npmjs.org/@digdir/designsystemet-react/-/designsystemet-react-1.9.0.tgz",
      "integrity": "sha512-/RapjnOUUy4pzLXnDi5qMp3xiAaFCwb8v8/STFNDhA8SFDGSjsanRzNb8YNFZSqE9bXh/ZhAdVMZM2RJu9b7AQ==",
      "license": "MIT",
      "dependencies": {
        "@digdir/designsystemet-types": "^1.9.0",
        "@floating-ui/dom": "^1.7.4",
        "@floating-ui/react": "0.26.23",
        "@navikt/aksel-icons": "^7.35.1",
        "@radix-ui/react-slot": "^1.2.4",
        "@tanstack/react-virtual": "^3.13.12",
        "@u-elements/u-combobox": "^1.0.5",
        "@u-elements/u-datalist": "^1.0.14",
        "@u-elements/u-details": "^0.1.5",
        "clsx": "^2.1.1"
      },
      "peerDependencies": {
        "react": ">=18.3.1 || ^19.0.0",
        "react-dom": ">=18.3.1 || ^19.0.0"
      }
    },
    "node_modules/@digdir/designsystemet-types": {
      "version": "1.9.0",
      "resolved": "https://registry.npmjs.org/@digdir/designsystemet-types/-/designsystemet-types-1.9.0.tgz",
      "integrity": "sha512-JgdtlQNKAM49vIWFmXyZwM5CzQxHOsf/oL90xswG7ZtI5XFZVX1jc3ItAWa+hkIZFpdPGdzPuUcotxK+tQt2SQ==",
      "license": "MIT"
    },
    "node_modules/@floating-ui/core": {
      "version": "1.7.3",
      "resolved": "https://registry.npmjs.org/@floating-ui/core/-/core-1.7.3.tgz",
      "integrity": "sha512-sGnvb5dmrJaKEZ+LDIpguvdX3bDlEllmv4/ClQ9awcmCZrlx5jQyyMWFM5kBI+EyNOCDDiKk8il0zeuX3Zlg/w==",
      "license": "MIT",
      "dependencies": {
        "@floating-ui/utils": "^0.2.10"
      }
    },
    "node_modules/@floating-ui/dom": {
      "version": "1.7.4",
      "resolved": "https://registry.npmjs.org/@floating-ui/dom/-/dom-1.7.4.tgz",
      "integrity": "sha512-OOchDgh4F2CchOX94cRVqhvy7b3AFb+/rQXyswmzmGakRfkMgoWVjfnLWkRirfLEfuD4ysVW16eXzwt3jHIzKA==",
      "license": "MIT",
      "dependencies": {
        "@floating-ui/core": "^1.7.3",
        "@floating-ui/utils": "^0.2.10"
      }
    },
    "node_modules/@floating-ui/react": {
      "version": "0.26.23",
      "resolved": "https://registry.npmjs.org/@floating-ui/react/-/react-0.26.23.tgz",
      "integrity": "sha512-9u3i62fV0CFF3nIegiWiRDwOs7OW/KhSUJDNx2MkQM3LbE5zQOY01sL3nelcVBXvX7Ovvo3A49I8ql+20Wg/Hw==",
      "license": "MIT",
      "dependencies": {
        "@floating-ui/react-dom": "^2.1.1",
        "@floating-ui/utils": "^0.2.7",
        "tabbable": "^6.0.0"
      },
      "peerDependencies": {
        "react": ">=16.8.0",
        "react-dom": ">=16.8.0"
      }
    },
    "node_modules/@floating-ui/react-dom": {
      "version": "2.1.6",
      "resolved": "https://registry.npmjs.org/@floating-ui/react-dom/-/react-dom-2.1.6.tgz",
      "integrity": "sha512-4JX6rEatQEvlmgU80wZyq9RT96HZJa88q8hp0pBd+LrczeDI4o6uA2M+uvxngVHo4Ihr8uibXxH6+70zhAFrVw==",
      "license": "MIT",
      "dependencies": {
        "@floating-ui/dom": "^1.7.4"
      },
      "peerDependencies": {
        "react": ">=16.8.0",
        "react-dom": ">=16.8.0"
      }
    },
    "node_modules/@floating-ui/utils": {
      "version": "0.2.10",
      "resolved": "https://registry.npmjs.org/@floating-ui/utils/-/utils-0.2.10.tgz",
      "integrity": "sha512-aGTxbpbg8/b5JfU1HXSrbH3wXZuLPJcNEcZQFMxLs3oSzgtVu6nFPkbbGGUvBcUjKV2YyB9Wxxabo+HEH9tcRQ==",
      "license": "MIT"
    },
    "node_modules/@navikt/aksel-icons": {
      "version": "7.39.0",
      "resolved": "https://registry.npmjs.org/@navikt/aksel-icons/-/aksel-icons-7.39.0.tgz",
      "integrity": "sha512-M36ZJ1HRYxyonPJmxOBkK4gjEjT1AVNHRLEk3nNioJZhIj2EDGl7Uw/ALjyghfkxzsof5Q/2m7XXIu3DvInxYQ==",
      "license": "MIT"
    },
    "node_modules/@radix-ui/react-compose-refs": {
      "version": "1.1.2",
      "resolved": "https://registry.npmjs.org/@radix-ui/react-compose-refs/-/react-compose-refs-1.1.2.tgz",
      "integrity": "sha512-z4eqJvfiNnFMHIIvXP3CY57y2WJs5g2v3X0zm9mEJkrkNv4rDxu+sg9Jh8EkXyeqBkB7SOcboo9dMVqhyrACIg==",
      "license": "MIT",
      "peerDependencies": {
        "@types/react": "*",
        "react": "^16.8 || ^17.0 || ^18.0 || ^19.0 || ^19.0.0-rc"
      },
      "peerDependenciesMeta": {
        "@types/react": {
          "optional": true
        }
      }
    },
    "node_modules/@radix-ui/react-slot": {
      "version": "1.2.4",
      "resolved": "https://registry.npmjs.org/@radix-ui/react-slot/-/react-slot-1.2.4.tgz",
      "integrity": "sha512-Jl+bCv8HxKnlTLVrcDE8zTMJ09R9/ukw4qBs/oZClOfoQk/cOTbDn+NceXfV7j09YPVQUryJPHurafcSg6EVKA==",
      "license": "MIT",
      "dependencies": {
        "@radix-ui/react-compose-refs": "1.1.2"
      },
      "peerDependencies": {
        "@types/react": "*",
        "react": "^16.8 || ^17.0 || ^18.0 || ^19.0 || ^19.0.0-rc"
      },
      "peerDependenciesMeta": {
        "@types/react": {
          "optional": true
        }
      }
    },
    "node_modules/@tanstack/react-virtual": {
      "version": "3.13.18",
      "resolved": "https://registry.npmjs.org/@tanstack/react-virtual/-/react-virtual-3.13.18.tgz",
      "integrity": "sha512-dZkhyfahpvlaV0rIKnvQiVoWPyURppl6w4m9IwMDpuIjcJ1sD9YGWrt0wISvgU7ewACXx2Ct46WPgI6qAD4v6A==",
      "license": "MIT",
      "dependencies": {
        "@tanstack/virtual-core": "3.13.18"
      },
      "funding": {
        "type": "github",
        "url": "https://github.com/sponsors/tannerlinsley"
      },
      "peerDependencies": {
        "react": "^16.8.0 || ^17.0.0 || ^18.0.0 || ^19.0.0",
        "react-dom": "^16.8.0 || ^17.0.0 || ^18.0.0 || ^19.0.0"
      }
    },
    "node_modules/@tanstack/virtual-core": {
      "version": "3.13.18",
      "resolved": "https://registry.npmjs.org/@tanstack/virtual-core/-/virtual-core-3.13.18.tgz",
      "integrity": "sha512-Mx86Hqu1k39icq2Zusq+Ey2J6dDWTjDvEv43PJtRCoEYTLyfaPnxIQ6iy7YAOK0NV/qOEmZQ/uCufrppZxTgcg==",
      "license": "MIT",
      "funding": {
        "type": "github",
        "url": "https://github.com/sponsors/tannerlinsley"
      }
    },
    "node_modules/@u-elements/u-combobox": {
      "version": "1.0.5",
      "resolved": "https://registry.npmjs.org/@u-elements/u-combobox/-/u-combobox-1.0.5.tgz",
      "integrity": "sha512-43c9Z9DIKxK+xcLhUVDZCzRRPCZNMJlFrNwF6jaCUw119RcyGMAt38Lc0giXqxvkrxKIBVBTYwMiTA+iDEvm6g==",
      "license": "MIT"
    },
    "node_modules/@u-elements/u-datalist": {
      "version": "1.0.14",
      "resolved": "https://registry.npmjs.org/@u-elements/u-datalist/-/u-datalist-1.0.14.tgz",
      "integrity": "sha512-wgh7BMLySzPF3xcfxeNnZgy/JmFZOQVJVY+XwAiIBgDYkCWQqERJrHjxRHv8C6t4h2PWnO7mwDIqdLQHEq12XQ==",
      "license": "MIT"
    },
    "node_modules/@u-elements/u-details": {
      "version": "0.1.5",
      "resolved": "https://registry.npmjs.org/@u-elements/u-details/-/u-details-0.1.5.tgz",
      "integrity": "sha512-08sBhbc4u3VFlXIvH//m2yCDBHOJlQigs8QiKVLAVk2hMSg+fcRPggcgeBmtVPuy7iN3u/VURP6G2Ajlfbr6xg==",
      "license": "MIT"
    },
    "node_modules/clsx": {
      "version": "2.1.1",
      "resolved": "https://registry.npmjs.org/clsx/-/clsx-2.1.1.tgz",
      "integrity": "sha512-eYm0QWBtUrBWZWG0d386OGAw16Z995PiOVo2B7bjWSbHedGl5e0ZWaq65kOGgUSNesEIDkB9ISbTg/JK9dhCZA==",
      "license": "MIT",
      "engines": {
        "node": ">=6"
      }
    },
    "node_modules/react": {
      "version": "19.2.3",
      "resolved": "https://registry.npmjs.org/react/-/react-19.2.3.tgz",
      "integrity": "sha512-Ku/hhYbVjOQnXDZFv2+RibmLFGwFdeeKHFcOTlrt7xplBnya5OGn/hIRDsqDiSUcfORsDC7MPxwork8jBwsIWA==",
      "license": "MIT",
      "peer": true,
      "engines": {
        "node": ">=0.10.0"
      }
    },
    "node_modules/react-dom": {
      "version": "19.2.3",
      "resolved": "https://registry.npmjs.org/react-dom/-/react-dom-19.2.3.tgz",
      "integrity": "sha512-yELu4WmLPw5Mr/lmeEpox5rw3RETacE++JgHqQzd2dg+YbJuat3jH4ingc+WPZhxaoFzdv9y33G+F7Nl5O0GBg==",
      "license": "MIT",
      "peer": true,
      "dependencies": {
        "scheduler": "^0.27.0"
      },
      "peerDependencies": {
        "react": "^19.2.3"
      }
    },
    "node_modules/scheduler": {
      "version": "0.27.0",
      "resolved": "https://registry.npmjs.org/scheduler/-/scheduler-0.27.0.tgz",
      "integrity": "sha512-eNv+WrVbKu1f3vbYJT/xtiF5syA5HPIMtf9IgY/nKg0sWqzAUEvqY/xm7OcZc/qafLx/iO9FgOmeSAp4v5ti/Q==",
      "license": "MIT",
      "peer": true
    },
    "node_modules/tabbable": {
      "version": "6.4.0",
      "resolved": "https://registry.npmjs.org/tabbable/-/tabbable-6.4.0.tgz",
      "integrity": "sha512-05PUHKSNE8ou2dwIxTngl4EzcnsCDZGJ/iCLtDflR/SHB/ny14rXc+qU5P4mG9JkusiV7EivzY9Mhm55AzAvCg==",
      "license": "MIT"
    }
  }
}
